
Microsoft Visual Studio Solution File, Format Version 12.00
# Visual Studio Version 17
VisualStudioVersion = 17.9.34622.214
MinimumVisualStudioVersion = 10.0.40219.1
Project("{FAE04EC0-301F-11D3-BF4B-00C04F79EFBC}") = "IskoRecords", "IskoRecords\IskoRecords.csproj", "{830B75E5-0089-4408-B5E5-F35F50F94366}"
EndProject
Global
	GlobalSection(SolutionConfigurationPlatforms) = preSolution
		Debug|Any CPU = Debug|Any CPU
		Release|Any CPU = Release|Any CPU
	EndGlobalSection
	GlobalSection(ProjectConfigurationPlatforms) = postSolution
		{830B75E5-0089-4408-B5E5-F35F50F94366}.Debug|Any CPU.ActiveCfg = Debug|Any CPU
		{830B75E5-0089-4408-B5E5-F35F50F94366}.Debug|Any CPU.Build.0 = Debug|Any CPU
		{830B75E5-0089-4408-B5E5-F35F50F94366}.Release|Any CPU.ActiveCfg = Release|Any CPU
		{830B75E5-0089-4408-B5E5-F35F50F94366}.Release|Any CPU.Build.0 = Release|Any CPU
	EndGlobalSection
	GlobalSection(SolutionProperties) = preSolution
		HideSolutionNode = FALSE
	EndGlobalSection
	GlobalSection(ExtensibilityGlobals) = postSolution
		SolutionGuid = {E731E361-1CF7-491E-99C9-B3CFCE8CBC05}
	EndGlobalSection
EndGlobal
